{
  "name": "@typescript-package/queue",
  "version": "2.0.0-beta",
  "lockfileVersion": 3,
  "requires": true,
  "packages": {
    "": {
      "name": "@typescript-package/queue",
      "version": "2.0.0-beta",
      "funding": [
        {
          "type": "individual",
          "url": "https://checkout.revolut.com/pay/048b10a3-0e10-42c8-a917-e3e9cb4c8e29"
        }
      ],
      "license": "MIT",
      "peerDependencies": {
        "@typedly/callback": "^1.0.0-beta.2",
        "@typescript-package/state": "^2.0.0"
      }
    },
    "node_modules/@typedly/callback": {
      "version": "1.0.0-beta.2",
      "resolved": "https://registry.npmjs.org/@typedly/callback/-/callback-1.0.0-beta.2.tgz",
      "integrity": "sha512-s6p+SEfgSN1nmrm2K4xkCNSwhsc6MCZ1VxuRM4RcAPGBjzGEt9iyYVdl4jbGhl5IrAxGjTbAhVzzz1SIJv5GcA==",
      "funding": [
        {
          "type": "individual",
          "url": "https://checkout.revolut.com/pay/048b10a3-0e10-42c8-a917-e3e9cb4c8e29"
        }
      ],
      "license": "MIT",
      "peer": true
    },
    "node_modules/@typescript-package/state": {
      "version": "2.0.0",
      "resolved": "https://registry.npmjs.org/@typescript-package/state/-/state-2.0.0.tgz",
      "integrity": "sha512-IIPvddDv3BKI7gSwhfQoEJE7VCvokj9A3P+XrVaXrDMpSCqyNrUTvDHKiCL1wS7ZPWItFRpA5gh8m5ic1JrRkQ==",
      "funding": [
        {
          "type": "individual",
          "url": "https://checkout.revolut.com/pay/048b10a3-0e10-42c8-a917-e3e9cb4c8e29"
        }
      ],
      "license": "MIT",
      "peer": true
    }
  }
}
